
Microsoft Visual Studio Solution File, Format Version 12.00
# Visual Studio Version 17
VisualStudioVersion = 17.3.32922.545
MinimumVisualStudioVersion = 10.0.40219.1
Project("{FAE04EC0-301F-11D3-BF4B-00C04F79EFBC}") = "YtMovieApis", "YtMovieApis\YtMovieApis.csproj", "{60E77FB9-D4D2-49A9-AD92-C81ED6D55B1D}"
EndProject
Global
	GlobalSection(SolutionConfigurationPlatforms) = preSolution
		Debug|Any CPU = Debug|Any CPU
		Release|Any CPU = Release|Any CPU
	EndGlobalSection
	GlobalSection(ProjectConfigurationPlatforms) = postSolution
		{60E77FB9-D4D2-49A9-AD92-C81ED6D55B1D}.Debug|Any CPU.ActiveCfg = Debug|Any CPU
		{60E77FB9-D4D2-49A9-AD92-C81ED6D55B1D}.Debug|Any CPU.Build.0 = Debug|Any CPU
		{60E77FB9-D4D2-49A9-AD92-C81ED6D55B1D}.Release|Any CPU.ActiveCfg = Release|Any CPU
		{60E77FB9-D4D2-49A9-AD92-C81ED6D55B1D}.Release|Any CPU.Build.0 = Release|Any CPU
	EndGlobalSection
	GlobalSection(SolutionProperties) = preSolution
		HideSolutionNode = FALSE
	EndGlobalSection
	GlobalSection(ExtensibilityGlobals) = postSolution
		SolutionGuid = {2C5ECED4-9A1A-4F4D-9738-E5BFD62B3EE8}
	EndGlobalSection
EndGlobal
